
Microsoft Visual Studio Solution File, Format Version 12.00
# Visual Studio Version 17
VisualStudioVersion = 17.10.35027.167
MinimumVisualStudioVersion = 10.0.40219.1
Project("{FAE04EC0-301F-11D3-BF4B-00C04F79EFBC}") = "SuperShop", "SuperShop.csproj", "{E0D2B1CF-A5EF-4D53-8F59-B526DA0E1D85}"
EndProject
Global
	GlobalSection(SolutionConfigurationPlatforms) = preSolution
		Debug|Any CPU = Debug|Any CPU
		Release|Any CPU = Release|Any CPU
	EndGlobalSection
	GlobalSection(ProjectConfigurationPlatforms) = postSolution
		{E0D2B1CF-A5EF-4D53-8F59-B526DA0E1D85}.Debug|Any CPU.ActiveCfg = Debug|Any CPU
		{E0D2B1CF-A5EF-4D53-8F59-B526DA0E1D85}.Debug|Any CPU.Build.0 = Debug|Any CPU
		{E0D2B1CF-A5EF-4D53-8F59-B526DA0E1D85}.Release|Any CPU.ActiveCfg = Release|Any CPU
		{E0D2B1CF-A5EF-4D53-8F59-B526DA0E1D85}.Release|Any CPU.Build.0 = Release|Any CPU
	EndGlobalSection
	GlobalSection(SolutionProperties) = preSolution
		HideSolutionNode = FALSE
	EndGlobalSection
	GlobalSection(ExtensibilityGlobals) = postSolution
		SolutionGuid = {EA1098FE-B58A-432B-954C-548EEFB67686}
	EndGlobalSection
EndGlobal
